// !$*UTF8*$!
{
	archiveVersion = 1;
	classes = {
	};
	objectVersion = 56;
	objects = {

/* Begin PBXBuildFile section */
		1858BA052B55BD0E00B9DE09 /* TransferGo_Test_TaskApp.swift in Sources */ = {isa = PBXBuildFile; fileRef = 1858BA042B55BD0E00B9DE09 /* TransferGo_Test_TaskApp.swift */; };
		1858BA072B55BD0E00B9DE09 /* ConvertorView.swift in Sources */ = {isa = PBXBuildFile; fileRef = 1858BA062B55BD0E00B9DE09 /* ConvertorView.swift */; };
		1858BA092B55BD0F00B9DE09 /* Assets.xcassets in Resources */ = {isa = PBXBuildFile; fileRef = 1858BA082B55BD0F00B9DE09 /* Assets.xcassets */; };
		1858BA0D2B55BD0F00B9DE09 /* Preview Assets.xcassets in Resources */ = {isa = PBXBuildFile; fileRef = 1858BA0C2B55BD0F00B9DE09 /* Preview Assets.xcassets */; };
		1858BA172B55BD0F00B9DE09 /* TransferGo_Test_TaskTests.swift in Sources */ = {isa = PBXBuildFile; fileRef = 1858BA162B55BD0F00B9DE09 /* TransferGo_Test_TaskTests.swift */; };
		1858BA212B55BD0F00B9DE09 /* TransferGo_Test_TaskUITests.swift in Sources */ = {isa = PBXBuildFile; fileRef = 1858BA202B55BD0F00B9DE09 /* TransferGo_Test_TaskUITests.swift */; };
		1858BA232B55BD0F00B9DE09 /* TransferGo_Test_TaskUITestsLaunchTests.swift in Sources */ = {isa = PBXBuildFile; fileRef = 1858BA222B55BD0F00B9DE09 /* TransferGo_Test_TaskUITestsLaunchTests.swift */; };
/* End PBXBuildFile section */

/* Begin PBXContainerItemProxy section */
		1858BA132B55BD0F00B9DE09 /* PBXContainerItemProxy */ = {
			isa = PBXContainerItemProxy;
			containerPortal = 1858B9F92B55BD0E00B9DE09 /* Project object */;
			proxyType = 1;
			remoteGlobalIDString = 1858BA002B55BD0E00B9DE09;
			remoteInfo = "TransferGo-Test-Task";
		};
		1858BA1D2B55BD0F00B9DE09 /* PBXContainerItemProxy */ = {
			isa = PBXContainerItemProxy;
			containerPortal = 1858B9F92B55BD0E00B9DE09 /* Project object */;
			proxyType = 1;
			remoteGlobalIDString = 1858BA002B55BD0E00B9DE09;
			remoteInfo = "TransferGo-Test-Task";
		};
/* End PBXContainerItemProxy section */

/* Begin PBXFileReference section */
		1858BA012B55BD0E00B9DE09 /* TransferGo-Test-Task.app */ = {isa = PBXFileReference; explicitFileType = wrapper.application; includeInIndex = 0; path = "TransferGo-Test-Task.app"; sourceTree = BUILT_PRODUCTS_DIR; };
		1858BA042B55BD0E00B9DE09 /* TransferGo_Test_TaskApp.swift */ = {isa = PBXFileReference; lastKnownFileType = sourcecode.swift; path = TransferGo_Test_TaskApp.swift; sourceTree = "<group>"; };
		1858BA062B55BD0E00B9DE09 /* ConvertorView.swift */ = {isa = PBXFileReference; lastKnownFileType = sourcecode.swift; path = ConvertorView.swift; sourceTree = "<group>"; };
		1858BA082B55BD0F00B9DE09 /* Assets.xcassets */ = {isa = PBXFileReference; lastKnownFileType = folder.assetcatalog; path = Assets.xcassets; sourceTree = "<group>"; };
		1858BA0A2B55BD0F00B9DE09 /* TransferGo_Test_Task.entitlements */ = {isa = PBXFileReference; lastKnownFileType = text.plist.entitlements; path = TransferGo_Test_Task.entitlements; sourceTree = "<group>"; };
		1858BA0C2B55BD0F00B9DE09 /* Preview Assets.xcassets */ = {isa = PBXFileReference; lastKnownFileType = folder.assetcatalog; path = "Preview Assets.xcassets"; sourceTree = "<group>"; };
		1858BA122B55BD0F00B9DE09 /* TransferGo-Test-TaskTests.xctest */ = {isa = PBXFileReference; explicitFileType = wrapper.cfbundle; includeInIndex = 0; path = "TransferGo-Test-TaskTests.xctest"; sourceTree = BUILT_PRODUCTS_DIR; };
		1858BA162B55BD0F00B9DE09 /* TransferGo_Test_TaskTests.swift */ = {isa = PBXFileReference; lastKnownFileType = sourcecode.swift; path = TransferGo_Test_TaskTests.swift; sourceTree = "<group>"; };
		1858BA1C2B55BD0F00B9DE09 /* TransferGo-Test-TaskUITests.xctest */ = {isa = PBXFileReference; explicitFileType = wrapper.cfbundle; includeInIndex = 0; path = "TransferGo-Test-TaskUITests.xctest"; sourceTree = BUILT_PRODUCTS_DIR; };
		1858BA202B55BD0F00B9DE09 /* TransferGo_Test_TaskUITests.swift */ = {isa = PBXFileReference; lastKnownFileType = sourcecode.swift; path = TransferGo_Test_TaskUITests.swift; sourceTree = "<group>"; };
		1858BA222B55BD0F00B9DE09 /* TransferGo_Test_TaskUITestsLaunchTests.swift */ = {isa = PBXFileReference; lastKnownFileType = sourcecode.swift; path = TransferGo_Test_TaskUITestsLaunchTests.swift; sourceTree = "<group>"; };
/* End PBXFileReference section */

/* Begin PBXFrameworksBuildPhase section */
		1858B9FE2B55BD0E00B9DE09 /* Frameworks */ = {
			isa = PBXFrameworksBuildPhase;
			buildActionMask = 2147483647;
			files = (
			);
			runOnlyForDeploymentPostprocessing = 0;
		};
		1858BA0F2B55BD0F00B9DE09 /* Frameworks */ = {
			isa = PBXFrameworksBuildPhase;
			buildActionMask = 2147483647;
			files = (
			);
			runOnlyForDeploymentPostprocessing = 0;
		};
		1858BA192B55BD0F00B9DE09 /* Frameworks */ = {
			isa = PBXFrameworksBuildPhase;
			buildActionMask = 2147483647;
			files = (
			);
			runOnlyForDeploymentPostprocessing = 0;
		};
/* End PBXFrameworksBuildPhase section */

/* Begin PBXGroup section */
		1858B9F82B55BD0E00B9DE09 = {
			isa = PBXGroup;
			children = (
				1858BA032B55BD0E00B9DE09 /* TransferGo-Test-Task */,
				1858BA152B55BD0F00B9DE09 /* TransferGo-Test-TaskTests */,
				1858BA1F2B55BD0F00B9DE09 /* TransferGo-Test-TaskUITests */,
				1858BA022B55BD0E00B9DE09 /* Products */,
			);
			sourceTree = "<group>";
		};
		1858BA022B55BD0E00B9DE09 /* Products */ = {
			isa = PBXGroup;
			children = (
				1858BA012B55BD0E00B9DE09 /* TransferGo-Test-Task.app */,
				1858BA122B55BD0F00B9DE09 /* TransferGo-Test-TaskTests.xctest */,
				1858BA1C2B55BD0F00B9DE09 /* TransferGo-Test-TaskUITests.xctest */,
			);
			name = Products;
			sourceTree = "<group>";
		};
		1858BA032B55BD0E00B9DE09 /* TransferGo-Test-Task */ = {
			isa = PBXGroup;
			children = (
				1858BA322B55D1EA00B9DE09 /* Feature */,
				1858BA2F2B55D1CB00B9DE09 /* Application */,
				1858BA0B2B55BD0F00B9DE09 /* Preview Content */,
			);
			path = "TransferGo-Test-Task";
			sourceTree = "<group>";
		};
		1858BA0B2B55BD0F00B9DE09 /* Preview Content */ = {
			isa = PBXGroup;
			children = (
				1858BA0C2B55BD0F00B9DE09 /* Preview Assets.xcassets */,
			);
			path = "Preview Content";
			sourceTree = "<group>";
		};
		1858BA152B55BD0F00B9DE09 /* TransferGo-Test-TaskTests */ = {
			isa = PBXGroup;
			children = (
				1858BA162B55BD0F00B9DE09 /* TransferGo_Test_TaskTests.swift */,
			);
			path = "TransferGo-Test-TaskTests";
			sourceTree = "<group>";
		};
		1858BA1F2B55BD0F00B9DE09 /* TransferGo-Test-TaskUITests */ = {
			isa = PBXGroup;
			children = (
				1858BA202B55BD0F00B9DE09 /* TransferGo_Test_TaskUITests.swift */,
				1858BA222B55BD0F00B9DE09 /* TransferGo_Test_TaskUITestsLaunchTests.swift */,
			);
			path = "TransferGo-Test-TaskUITests";
			sourceTree = "<group>";
		};
		1858BA2F2B55D1CB00B9DE09 /* Application */ = {
			isa = PBXGroup;
			children = (
				1858BA0A2B55BD0F00B9DE09 /* TransferGo_Test_Task.entitlements */,
				1858BA312B55D1DD00B9DE09 /* Assets */,
				1858BA302B55D1D300B9DE09 /* Initial View */,
			);
			path = Application;
			sourceTree = "<group>";
		};
		1858BA302B55D1D300B9DE09 /* Initial View */ = {
			isa = PBXGroup;
			children = (
				1858BA042B55BD0E00B9DE09 /* TransferGo_Test_TaskApp.swift */,
			);
			path = "Initial View";
			sourceTree = "<group>";
		};
		1858BA312B55D1DD00B9DE09 /* Assets */ = {
			isa = PBXGroup;
			children = (
				1858BA082B55BD0F00B9DE09 /* Assets.xcassets */,
			);
			path = Assets;
			sourceTree = "<group>";
		};
		1858BA322B55D1EA00B9DE09 /* Feature */ = {
			isa = PBXGroup;
			children = (
				1858BA332B55D1EF00B9DE09 /* ConvertorView */,
			);
			path = Feature;
			sourceTree = "<group>";
		};
		1858BA332B55D1EF00B9DE09 /* ConvertorView */ = {
			isa = PBXGroup;
			children = (
				1858BA062B55BD0E00B9DE09 /* ConvertorView.swift */,
			);
			path = ConvertorView;
			sourceTree = "<group>";
		};
/* End PBXGroup section */

/* Begin PBXNativeTarget section */
		1858BA002B55BD0E00B9DE09 /* TransferGo-Test-Task */ = {
			isa = PBXNativeTarget;
			buildConfigurationList = 1858BA262B55BD0F00B9DE09 /* Build configuration list for PBXNativeTarget "TransferGo-Test-Task" */;
			buildPhases = (
				1858B9FD2B55BD0E00B9DE09 /* Sources */,
				1858B9FE2B55BD0E00B9DE09 /* Frameworks */,
				1858B9FF2B55BD0E00B9DE09 /* Resources */,
			);
			buildRules = (
			);
			dependencies = (
			);
			name = "TransferGo-Test-Task";
			productName = "TransferGo-Test-Task";
			productReference = 1858BA012B55BD0E00B9DE09 /* TransferGo-Test-Task.app */;
			productType = "com.apple.product-type.application";
		};
		1858BA112B55BD0F00B9DE09 /* TransferGo-Test-TaskTests */ = {
			isa = PBXNativeTarget;
			buildConfigurationList = 1858BA292B55BD0F00B9DE09 /* Build configuration list for PBXNativeTarget "TransferGo-Test-TaskTests" */;
			buildPhases = (
				1858BA0E2B55BD0F00B9DE09 /* Sources */,
				1858BA0F2B55BD0F00B9DE09 /* Frameworks */,
				1858BA102B55BD0F00B9DE09 /* Resources */,
			);
			buildRules = (
			);
			dependencies = (
				1858BA142B55BD0F00B9DE09 /* PBXTargetDependency */,
			);
			name = "TransferGo-Test-TaskTests";
			productName = "TransferGo-Test-TaskTests";
			productReference = 1858BA122B55BD0F00B9DE09 /* TransferGo-Test-TaskTests.xctest */;
			productType = "com.apple.product-type.bundle.unit-test";
		};
		1858BA1B2B55BD0F00B9DE09 /* TransferGo-Test-TaskUITests */ = {
			isa = PBXNativeTarget;
			buildConfigurationList = 1858BA2C2B55BD0F00B9DE09 /* Build configuration list for PBXNativeTarget "TransferGo-Test-TaskUITests" */;
			buildPhases = (
				1858BA182B55BD0F00B9DE09 /* Sources */,
				1858BA192B55BD0F00B9DE09 /* Frameworks */,
				1858BA1A2B55BD0F00B9DE09 /* Resources */,
			);
			buildRules = (
			);
			dependencies = (
				1858BA1E2B55BD0F00B9DE09 /* PBXTargetDependency */,
			);
			name = "TransferGo-Test-TaskUITests";
			productName = "TransferGo-Test-TaskUITests";
			productReference = 1858BA1C2B55BD0F00B9DE09 /* TransferGo-Test-TaskUITests.xctest */;
			productType = "com.apple.product-type.bundle.ui-testing";
		};
/* End PBXNativeTarget section */

/* Begin PBXProject section */
		1858B9F92B55BD0E00B9DE09 /* Project object */ = {
			isa = PBXProject;
			attributes = {
				BuildIndependentTargetsInParallel = 1;
				LastSwiftUpdateCheck = 1500;
				LastUpgradeCheck = 1500;
				TargetAttributes = {
					1858BA002B55BD0E00B9DE09 = {
						CreatedOnToolsVersion = 15.0;
					};
					1858BA112B55BD0F00B9DE09 = {
						CreatedOnToolsVersion = 15.0;
						TestTargetID = 1858BA002B55BD0E00B9DE09;
					};
					1858BA1B2B55BD0F00B9DE09 = {
						CreatedOnToolsVersion = 15.0;
						TestTargetID = 1858BA002B55BD0E00B9DE09;
					};
				};
			};
			buildConfigurationList = 1858B9FC2B55BD0E00B9DE09 /* Build configuration list for PBXProject "TransferGo-Test-Task" */;
			compatibilityVersion = "Xcode 14.0";
			developmentRegion = en;
			hasScannedForEncodings = 0;
			knownRegions = (
				en,
				Base,
			);
			mainGroup = 1858B9F82B55BD0E00B9DE09;
			productRefGroup = 1858BA022B55BD0E00B9DE09 /* Products */;
			projectDirPath = "";
			projectRoot = "";
			targets = (
				1858BA002B55BD0E00B9DE09 /* TransferGo-Test-Task */,
				1858BA112B55BD0F00B9DE09 /* TransferGo-Test-TaskTests */,
				1858BA1B2B55BD0F00B9DE09 /* TransferGo-Test-TaskUITests */,
			);
		};
/* End PBXProject section */

/* Begin PBXResourcesBuildPhase section */
		1858B9FF2B55BD0E00B9DE09 /* Resources */ = {
			isa = PBXResourcesBuildPhase;
			buildActionMask = 2147483647;
			files = (
				1858BA0D2B55BD0F00B9DE09 /* Preview Assets.xcassets in Resources */,
				1858BA092B55BD0F00B9DE09 /* Assets.xcassets in Resources */,
			);
			runOnlyForDeploymentPostprocessing = 0;
		};
		1858BA102B55BD0F00B9DE09 /* Resources */ = {
			isa = PBXResourcesBuildPhase;
			buildActionMask = 2147483647;
			files = (
			);
			runOnlyForDeploymentPostprocessing = 0;
		};
		1858BA1A2B55BD0F00B9DE09 /* Resources */ = {
			isa = PBXResourcesBuildPhase;
			buildActionMask = 2147483647;
			files = (
			);
			runOnlyForDeploymentPostprocessing = 0;
		};
/* End PBXResourcesBuildPhase section */

/* Begin PBXSourcesBuildPhase section */
		1858B9FD2B55BD0E00B9DE09 /* Sources */ = {
			isa = PBXSourcesBuildPhase;
			buildActionMask = 2147483647;
			files = (
				1858BA072B55BD0E00B9DE09 /* ConvertorView.swift in Sources */,
				1858BA052B55BD0E00B9DE09 /* TransferGo_Test_TaskApp.swift in Sources */,
			);
			runOnlyForDeploymentPostprocessing = 0;
		};
		1858BA0E2B55BD0F00B9DE09 /* Sources */ = {
			isa = PBXSourcesBuildPhase;
			buildActionMask = 2147483647;
			files = (
				1858BA172B55BD0F00B9DE09 /* TransferGo_Test_TaskTests.swift in Sources */,
			);
			runOnlyForDeploymentPostprocessing = 0;
		};
		1858BA182B55BD0F00B9DE09 /* Sources */ = {
			isa = PBXSourcesBuildPhase;
			buildActionMask = 2147483647;
			files = (
				1858BA232B55BD0F00B9DE09 /* TransferGo_Test_TaskUITestsLaunchTests.swift in Sources */,
				1858BA212B55BD0F00B9DE09 /* TransferGo_Test_TaskUITests.swift in Sources */,
			);
			runOnlyForDeploymentPostprocessing = 0;
		};
/* End PBXSourcesBuildPhase section */

/* Begin PBXTargetDependency section */
		1858BA142B55BD0F00B9DE09 /* PBXTargetDependency */ = {
			isa = PBXTargetDependency;
			target = 1858BA002B55BD0E00B9DE09 /* TransferGo-Test-Task */;
			targetProxy = 1858BA132B55BD0F00B9DE09 /* PBXContainerItemProxy */;
		};
		1858BA1E2B55BD0F00B9DE09 /* PBXTargetDependency */ = {
			isa = PBXTargetDependency;
			target = 1858BA002B55BD0E00B9DE09 /* TransferGo-Test-Task */;
			targetProxy = 1858BA1D2B55BD0F00B9DE09 /* PBXContainerItemProxy */;
		};
/* End PBXTargetDependency section */

/* Begin XCBuildConfiguration section */
		1858BA242B55BD0F00B9DE09 /* Debug */ = {
			isa = XCBuildConfiguration;
			buildSettings = {
				ALWAYS_SEARCH_USER_PATHS = NO;
				ASSETCATALOG_COMPILER_GENERATE_SWIFT_ASSET_SYMBOL_EXTENSIONS = YES;
				CLANG_ANALYZER_NONNULL = YES;
				CLANG_ANALYZER_NUMBER_OBJECT_CONVERSION = YES_AGGRESSIVE;
				CLANG_CXX_LANGUAGE_STANDARD = "gnu++20";
				CLANG_ENABLE_MODULES = YES;
				CLANG_ENABLE_OBJC_ARC = YES;
				CLANG_ENABLE_OBJC_WEAK = YES;
				CLANG_WARN_BLOCK_CAPTURE_AUTORELEASING = YES;
				CLANG_WARN_BOOL_CONVERSION = YES;
				CLANG_WARN_COMMA = YES;
				CLANG_WARN_CONSTANT_CONVERSION = YES;
				CLANG_WARN_DEPRECATED_OBJC_IMPLEMENTATIONS = YES;
				CLANG_WARN_DIRECT_OBJC_ISA_USAGE = YES_ERROR;
				CLANG_WARN_DOCUMENTATION_COMMENTS = YES;
				CLANG_WARN_EMPTY_BODY = YES;
				CLANG_WARN_ENUM_CONVERSION = YES;
				CLANG_WARN_INFINITE_RECURSION = YES;
				CLANG_WARN_INT_CONVERSION = YES;
				CLANG_WARN_NON_LITERAL_NULL_CONVERSION = YES;
				CLANG_WARN_OBJC_IMPLICIT_RETAIN_SELF = YES;
				CLANG_WARN_OBJC_LITERAL_CONVERSION = YES;
				CLANG_WARN_OBJC_ROOT_CLASS = YES_ERROR;
				CLANG_WARN_QUOTED_INCLUDE_IN_FRAMEWORK_HEADER = YES;
				CLANG_WARN_RANGE_LOOP_ANALYSIS = YES;
				CLANG_WARN_STRICT_PROTOTYPES = YES;
				CLANG_WARN_SUSPICIOUS_MOVE = YES;
				CLANG_WARN_UNGUARDED_AVAILABILITY = YES_AGGRESSIVE;
				CLANG_WARN_UNREACHABLE_CODE = YES;
				CLANG_WARN__DUPLICATE_METHOD_MATCH = YES;
				COPY_PHASE_STRIP = NO;
				DEBUG_INFORMATION_FORMAT = dwarf;
				ENABLE_STRICT_OBJC_MSGSEND = YES;
				ENABLE_TESTABILITY = YES;
				ENABLE_USER_SCRIPT_SANDBOXING = YES;
				GCC_C_LANGUAGE_STANDARD = gnu17;
				GCC_DYNAMIC_NO_PIC = NO;
				GCC_NO_COMMON_BLOCKS = YES;
				GCC_OPTIMIZATION_LEVEL = 0;
				GCC_PREPROCESSOR_DEFINITIONS = (
					"DEBUG=1",
					"$(inherited)",
				);
				GCC_WARN_64_TO_32_BIT_CONVERSION = YES;
				GCC_WARN_ABOUT_RETURN_TYPE = YES_ERROR;
				GCC_WARN_UNDECLARED_SELECTOR = YES;
				GCC_WARN_UNINITIALIZED_AUTOS = YES_AGGRESSIVE;
				GCC_WARN_UNUSED_FUNCTION = YES;
				GCC_WARN_UNUSED_VARIABLE = YES;
				LOCALIZATION_PREFERS_STRING_CATALOGS = YES;
				MTL_ENABLE_DEBUG_INFO = INCLUDE_SOURCE;
				MTL_FAST_MATH = YES;
				ONLY_ACTIVE_ARCH = YES;
				SWIFT_ACTIVE_COMPILATION_CONDITIONS = "DEBUG $(inherited)";
				SWIFT_OPTIMIZATION_LEVEL = "-Onone";
			};
			name = Debug;
		};
		1858BA252B55BD0F00B9DE09 /* Release */ = {
			isa = XCBuildConfiguration;
			buildSettings = {
				ALWAYS_SEARCH_USER_PATHS = NO;
				ASSETCATALOG_COMPILER_GENERATE_SWIFT_ASSET_SYMBOL_EXTENSIONS = YES;
				CLANG_ANALYZER_NONNULL = YES;
				CLANG_ANALYZER_NUMBER_OBJECT_CONVERSION = YES_AGGRESSIVE;
				CLANG_CXX_LANGUAGE_STANDARD = "gnu++20";
				CLANG_ENABLE_MODULES = YES;
				CLANG_ENABLE_OBJC_ARC = YES;
				CLANG_ENABLE_OBJC_WEAK = YES;
				CLANG_WARN_BLOCK_CAPTURE_AUTORELEASING = YES;
				CLANG_WARN_BOOL_CONVERSION = YES;
				CLANG_WARN_COMMA = YES;
				CLANG_WARN_CONSTANT_CONVERSION = YES;
				CLANG_WARN_DEPRECATED_OBJC_IMPLEMENTATIONS = YES;
				CLANG_WARN_DIRECT_OBJC_ISA_USAGE = YES_ERROR;
				CLANG_WARN_DOCUMENTATION_COMMENTS = YES;
				CLANG_WARN_EMPTY_BODY = YES;
				CLANG_WARN_ENUM_CONVERSION = YES;
				CLANG_WARN_INFINITE_RECURSION = YES;
				CLANG_WARN_INT_CONVERSION = YES;
				CLANG_WARN_NON_LITERAL_NULL_CONVERSION = YES;
				CLANG_WARN_OBJC_IMPLICIT_RETAIN_SELF = YES;
				CLANG_WARN_OBJC_LITERAL_CONVERSION = YES;
				CLANG_WARN_OBJC_ROOT_CLASS = YES_ERROR;
				CLANG_WARN_QUOTED_INCLUDE_IN_FRAMEWORK_HEADER = YES;
				CLANG_WARN_RANGE_LOOP_ANALYSIS = YES;
				CLANG_WARN_STRICT_PROTOTYPES = YES;
				CLANG_WARN_SUSPICIOUS_MOVE = YES;
				CLANG_WARN_UNGUARDED_AVAILABILITY = YES_AGGRESSIVE;
				CLANG_WARN_UNREACHABLE_CODE = YES;
				CLANG_WARN__DUPLICATE_METHOD_MATCH = YES;
				COPY_PHASE_STRIP = NO;
				DEBUG_INFORMATION_FORMAT = "dwarf-with-dsym";
				ENABLE_NS_ASSERTIONS = NO;
				ENABLE_STRICT_OBJC_MSGSEND = YES;
				ENABLE_USER_SCRIPT_SANDBOXING = YES;
				GCC_C_LANGUAGE_STANDARD = gnu17;
				GCC_NO_COMMON_BLOCKS = YES;
				GCC_WARN_64_TO_32_BIT_CONVERSION = YES;
				GCC_WARN_ABOUT_RETURN_TYPE = YES_ERROR;
				GCC_WARN_UNDECLARED_SELECTOR = YES;
				GCC_WARN_UNINITIALIZED_AUTOS = YES_AGGRESSIVE;
				GCC_WARN_UNUSED_FUNCTION = YES;
				GCC_WARN_UNUSED_VARIABLE = YES;
				LOCALIZATION_PREFERS_STRING_CATALOGS = YES;
				MTL_ENABLE_DEBUG_INFO = NO;
				MTL_FAST_MATH = YES;
				SWIFT_COMPILATION_MODE = wholemodule;
			};
			name = Release;
		};
		1858BA272B55BD0F00B9DE09 /* Debug */ = {
			isa = XCBuildConfiguration;
			buildSettings = {
				ASSETCATALOG_COMPILER_APPICON_NAME = AppIcon;
				ASSETCATALOG_COMPILER_GLOBAL_ACCENT_COLOR_NAME = AccentColor;
				CODE_SIGN_ENTITLEMENTS = "TransferGo-Test-Task/Application/TransferGo_Test_Task.entitlements";
				CODE_SIGN_STYLE = Automatic;
				CURRENT_PROJECT_VERSION = 1;
				DEVELOPMENT_ASSET_PATHS = "\"TransferGo-Test-Task/Preview Content\"";
				DEVELOPMENT_TEAM = U42Y6Q59FU;
				ENABLE_HARDENED_RUNTIME = YES;
				ENABLE_PREVIEWS = YES;
				GENERATE_INFOPLIST_FILE = YES;
				"INFOPLIST_KEY_UIApplicationSceneManifest_Generation[sdk=iphoneos*]" = YES;
				"INFOPLIST_KEY_UIApplicationSceneManifest_Generation[sdk=iphonesimulator*]" = YES;
				"INFOPLIST_KEY_UIApplicationSupportsIndirectInputEvents[sdk=iphoneos*]" = YES;
				"INFOPLIST_KEY_UIApplicationSupportsIndirectInputEvents[sdk=iphonesimulator*]" = YES;
				"INFOPLIST_KEY_UILaunchScreen_Generation[sdk=iphoneos*]" = YES;
				"INFOPLIST_KEY_UILaunchScreen_Generation[sdk=iphonesimulator*]" = YES;
				"INFOPLIST_KEY_UIStatusBarStyle[sdk=iphoneos*]" = UIStatusBarStyleDefault;
				"INFOPLIST_KEY_UIStatusBarStyle[sdk=iphonesimulator*]" = UIStatusBarStyleDefault;
				INFOPLIST_KEY_UISupportedInterfaceOrientations = UIInterfaceOrientationPortrait;
				INFOPLIST_KEY_UISupportedInterfaceOrientations_iPad = "UIInterfaceOrientationPortrait UIInterfaceOrientationPortraitUpsideDown";
				IPHONEOS_DEPLOYMENT_TARGET = 17.0;
				LD_RUNPATH_SEARCH_PATHS = "@executable_path/Frameworks";
				"LD_RUNPATH_SEARCH_PATHS[sdk=macosx*]" = "@executable_path/../Frameworks";
				MACOSX_DEPLOYMENT_TARGET = 14.0;
				MARKETING_VERSION = 1.0;
				PRODUCT_BUNDLE_IDENTIFIER = "VM.TransferGo-Test-Task";
				PRODUCT_NAME = "$(TARGET_NAME)";
				SDKROOT = auto;
				SUPPORTED_PLATFORMS = "iphoneos iphonesimulator";
				SUPPORTS_MACCATALYST = NO;
				SWIFT_EMIT_LOC_STRINGS = YES;
				SWIFT_VERSION = 5.0;
				TARGETED_DEVICE_FAMILY = "1,2";
			};
			name = Debug;
		};
		1858BA282B55BD0F00B9DE09 /* Release */ = {
			isa = XCBuildConfiguration;
			buildSettings = {
				ASSETCATALOG_COMPILER_APPICON_NAME = AppIcon;
				ASSETCATALOG_COMPILER_GLOBAL_ACCENT_COLOR_NAME = AccentColor;
				CODE_SIGN_ENTITLEMENTS = "TransferGo-Test-Task/Application/TransferGo_Test_Task.entitlements";
				CODE_SIGN_STYLE = Automatic;
				CURRENT_PROJECT_VERSION = 1;
				DEVELOPMENT_ASSET_PATHS = "\"TransferGo-Test-Task/Preview Content\"";
				DEVELOPMENT_TEAM = U42Y6Q59FU;
				ENABLE_HARDENED_RUNTIME = YES;
				ENABLE_PREVIEWS = YES;
				GENERATE_INFOPLIST_FILE = YES;
				"INFOPLIST_KEY_UIApplicationSceneManifest_Generation[sdk=iphoneos*]" = YES;
				"INFOPLIST_KEY_UIApplicationSceneManifest_Generation[sdk=iphonesimulator*]" = YES;
				"INFOPLIST_KEY_UIApplicationSupportsIndirectInputEvents[sdk=iphoneos*]" = YES;
				"INFOPLIST_KEY_UIApplicationSupportsIndirectInputEvents[sdk=iphonesimulator*]" = YES;
				"INFOPLIST_KEY_UILaunchScreen_Generation[sdk=iphoneos*]" = YES;
				"INFOPLIST_KEY_UILaunchScreen_Generation[sdk=iphonesimulator*]" = YES;
				"INFOPLIST_KEY_UIStatusBarStyle[sdk=iphoneos*]" = UIStatusBarStyleDefault;
				"INFOPLIST_KEY_UIStatusBarStyle[sdk=iphonesimulator*]" = UIStatusBarStyleDefault;
				INFOPLIST_KEY_UISupportedInterfaceOrientations = UIInterfaceOrientationPortrait;
				INFOPLIST_KEY_UISupportedInterfaceOrientations_iPad = "UIInterfaceOrientationPortrait UIInterfaceOrientationPortraitUpsideDown";
				IPHONEOS_DEPLOYMENT_TARGET = 17.0;
				LD_RUNPATH_SEARCH_PATHS = "@executable_path/Frameworks";
				"LD_RUNPATH_SEARCH_PATHS[sdk=macosx*]" = "@executable_path/../Frameworks";
				MACOSX_DEPLOYMENT_TARGET = 14.0;
				MARKETING_VERSION = 1.0;
				PRODUCT_BUNDLE_IDENTIFIER = "VM.TransferGo-Test-Task";
				PRODUCT_NAME = "$(TARGET_NAME)";
				SDKROOT = auto;
				SUPPORTED_PLATFORMS = "iphoneos iphonesimulator";
				SUPPORTS_MACCATALYST = NO;
				SWIFT_EMIT_LOC_STRINGS = YES;
				SWIFT_VERSION = 5.0;
				TARGETED_DEVICE_FAMILY = "1,2";
			};
			name = Release;
		};
		1858BA2A2B55BD0F00B9DE09 /* Debug */ = {
			isa = XCBuildConfiguration;
			buildSettings = {
				ALWAYS_EMBED_SWIFT_STANDARD_LIBRARIES = YES;
				BUNDLE_LOADER = "$(TEST_HOST)";
				CODE_SIGN_STYLE = Automatic;
				CURRENT_PROJECT_VERSION = 1;
				DEVELOPMENT_TEAM = U42Y6Q59FU;
				GENERATE_INFOPLIST_FILE = YES;
				IPHONEOS_DEPLOYMENT_TARGET = 17.0;
				MACOSX_DEPLOYMENT_TARGET = 14.0;
				MARKETING_VERSION = 1.0;
				PRODUCT_BUNDLE_IDENTIFIER = "VM.TransferGo-Test-TaskTests";
				PRODUCT_NAME = "$(TARGET_NAME)";
				SDKROOT = auto;
				SUPPORTED_PLATFORMS = "iphoneos iphonesimulator macosx";
				SWIFT_EMIT_LOC_STRINGS = NO;
				SWIFT_VERSION = 5.0;
				TARGETED_DEVICE_FAMILY = "1,2";
				TEST_HOST = "$(BUILT_PRODUCTS_DIR)/TransferGo-Test-Task.app/$(BUNDLE_EXECUTABLE_FOLDER_PATH)/TransferGo-Test-Task";
			};
			name = Debug;
		};
		1858BA2B2B55BD0F00B9DE09 /* Release */ = {
			isa = XCBuildConfiguration;
			buildSettings = {
				ALWAYS_EMBED_SWIFT_STANDARD_LIBRARIES = YES;
				BUNDLE_LOADER = "$(TEST_HOST)";
				CODE_SIGN_STYLE = Automatic;
				CURRENT_PROJECT_VERSION = 1;
				DEVELOPMENT_TEAM = U42Y6Q59FU;
				GENERATE_INFOPLIST_FILE = YES;
				IPHONEOS_DEPLOYMENT_TARGET = 17.0;
				MACOSX_DEPLOYMENT_TARGET = 14.0;
				MARKETING_VERSION = 1.0;
				PRODUCT_BUNDLE_IDENTIFIER = "VM.TransferGo-Test-TaskTests";
				PRODUCT_NAME = "$(TARGET_NAME)";
				SDKROOT = auto;
				SUPPORTED_PLATFORMS = "iphoneos iphonesimulator macosx";
				SWIFT_EMIT_LOC_STRINGS = NO;
				SWIFT_VERSION = 5.0;
				TARGETED_DEVICE_FAMILY = "1,2";
				TEST_HOST = "$(BUILT_PRODUCTS_DIR)/TransferGo-Test-Task.app/$(BUNDLE_EXECUTABLE_FOLDER_PATH)/TransferGo-Test-Task";
			};
			name = Release;
		};
		1858BA2D2B55BD0F00B9DE09 /* Debug */ = {
			isa = XCBuildConfiguration;
			buildSettings = {
				ALWAYS_EMBED_SWIFT_STANDARD_LIBRARIES = YES;
				CODE_SIGN_STYLE = Automatic;
				CURRENT_PROJECT_VERSION = 1;
				DEVELOPMENT_TEAM = U42Y6Q59FU;
				GENERATE_INFOPLIST_FILE = YES;
				IPHONEOS_DEPLOYMENT_TARGET = 17.0;
				MACOSX_DEPLOYMENT_TARGET = 14.0;
				MARKETING_VERSION = 1.0;
				PRODUCT_BUNDLE_IDENTIFIER = "VM.TransferGo-Test-TaskUITests";
				PRODUCT_NAME = "$(TARGET_NAME)";
				SDKROOT = auto;
				SUPPORTED_PLATFORMS = "iphoneos iphonesimulator macosx";
				SWIFT_EMIT_LOC_STRINGS = NO;
				SWIFT_VERSION = 5.0;
				TARGETED_DEVICE_FAMILY = "1,2";
				TEST_TARGET_NAME = "TransferGo-Test-Task";
			};
			name = Debug;
		};
		1858BA2E2B55BD0F00B9DE09 /* Release */ = {
			isa = XCBuildConfiguration;
			buildSettings = {
				ALWAYS_EMBED_SWIFT_STANDARD_LIBRARIES = YES;
				CODE_SIGN_STYLE = Automatic;
				CURRENT_PROJECT_VERSION = 1;
				DEVELOPMENT_TEAM = U42Y6Q59FU;
				GENERATE_INFOPLIST_FILE = YES;
				IPHONEOS_DEPLOYMENT_TARGET = 17.0;
				MACOSX_DEPLOYMENT_TARGET = 14.0;
				MARKETING_VERSION = 1.0;
				PRODUCT_BUNDLE_IDENTIFIER = "VM.TransferGo-Test-TaskUITests";
				PRODUCT_NAME = "$(TARGET_NAME)";
				SDKROOT = auto;
				SUPPORTED_PLATFORMS = "iphoneos iphonesimulator macosx";
				SWIFT_EMIT_LOC_STRINGS = NO;
				SWIFT_VERSION = 5.0;
				TARGETED_DEVICE_FAMILY = "1,2";
				TEST_TARGET_NAME = "TransferGo-Test-Task";
			};
			name = Release;
		};
/* End XCBuildConfiguration section */

/* Begin XCConfigurationList section */
		1858B9FC2B55BD0E00B9DE09 /* Build configuration list for PBXProject "TransferGo-Test-Task" */ = {
			isa = XCConfigurationList;
			buildConfigurations = (
				1858BA242B55BD0F00B9DE09 /* Debug */,
				1858BA252B55BD0F00B9DE09 /* Release */,
			);
			defaultConfigurationIsVisible = 0;
			defaultConfigurationName = Release;
		};
		1858BA262B55BD0F00B9DE09 /* Build configuration list for PBXNativeTarget "TransferGo-Test-Task" */ = {
			isa = XCConfigurationList;
			buildConfigurations = (
				1858BA272B55BD0F00B9DE09 /* Debug */,
				1858BA282B55BD0F00B9DE09 /* Release */,
			);
			defaultConfigurationIsVisible = 0;
			defaultConfigurationName = Release;
		};
		1858BA292B55BD0F00B9DE09 /* Build configuration list for PBXNativeTarget "TransferGo-Test-TaskTests" */ = {
			isa = XCConfigurationList;
			buildConfigurations = (
				1858BA2A2B55BD0F00B9DE09 /* Debug */,
				1858BA2B2B55BD0F00B9DE09 /* Release */,
			);
			defaultConfigurationIsVisible = 0;
			defaultConfigurationName = Release;
		};
		1858BA2C2B55BD0F00B9DE09 /* Build configuration list for PBXNativeTarget "TransferGo-Test-TaskUITests" */ = {
			isa = XCConfigurationList;
			buildConfigurations = (
				1858BA2D2B55BD0F00B9DE09 /* Debug */,
				1858BA2E2B55BD0F00B9DE09 /* Release */,
			);
			defaultConfigurationIsVisible = 0;
			defaultConfigurationName = Release;
		};
/* End XCConfigurationList section */
	};
	rootObject = 1858B9F92B55BD0E00B9DE09 /* Project object */;
}
